
Microsoft Visual Studio Solution File, Format Version 12.00
# Visual Studio Version 16
VisualStudioVersion = 16.0.29411.108
MinimumVisualStudioVersion = 10.0.40219.1
Project("{FAE04EC0-301F-11D3-BF4B-00C04F79EFBC}") = "Project_Management_System", "Project_Management_System.csproj", "{CEFA2C40-63BB-4B66-8C82-A31EA540B299}"
EndProject
Global
	GlobalSection(SolutionConfigurationPlatforms) = preSolution
		Debug|Any CPU = Debug|Any CPU
		Release|Any CPU = Release|Any CPU
	EndGlobalSection
	GlobalSection(ProjectConfigurationPlatforms) = postSolution
		{CEFA2C40-63BB-4B66-8C82-A31EA540B299}.Debug|Any CPU.ActiveCfg = Debug|Any CPU
		{CEFA2C40-63BB-4B66-8C82-A31EA540B299}.Debug|Any CPU.Build.0 = Debug|Any CPU
		{CEFA2C40-63BB-4B66-8C82-A31EA540B299}.Release|Any CPU.ActiveCfg = Release|Any CPU
		{CEFA2C40-63BB-4B66-8C82-A31EA540B299}.Release|Any CPU.Build.0 = Release|Any CPU
	EndGlobalSection
	GlobalSection(SolutionProperties) = preSolution
		HideSolutionNode = FALSE
	EndGlobalSection
	GlobalSection(ExtensibilityGlobals) = postSolution
		SolutionGuid = {6087A41A-4A3A-4CA3-B98B-7780AE316121}
	EndGlobalSection
EndGlobal
